PODS:
  - AFNetworking (3.1.0):
    - AFNetworking/NSURLSession (= 3.1.0)
    - AFNetworking/Reachability (= 3.1.0)
    - AFNetworking/Security (= 3.1.0)
    - AFNetworking/Serialization (= 3.1.0)
    - AFNetworking/UIKit (= 3.1.0)
  - AFNetworking/NSURLSession (3.1.0):
    - AFNetworking/Reachability
    - AFNetworking/Security
    - AFNetworking/Serialization
  - AFNetworking/Reachability (3.1.0)
  - AFNetworking/Security (3.1.0)
  - AFNetworking/Serialization (3.1.0)
  - AFNetworking/UIKit (3.1.0):
    - AFNetworking/NSURLSession
  - IQKeyboardManager (3.3.7)
  - MBProgressHUD (0.9.2)
  - MJExtension (2.5.16)
  - MJRefresh (3.0.8)
  - SDWebImage (3.7.6):
    - SDWebImage/Core (= 3.7.6)
  - SDWebImage/Core (3.7.6)

DEPENDENCIES:
  - AFNetworking (~> 3.1.0)
  - IQKeyboardManager (~> 3.3.6)
  - MBProgressHUD (~> 0.9.1)
  - MJExtension (~> 2.5.6)
  - MJRefresh (~> 3.0.7)
  - SDWebImage (~> 3.7.3)

SPEC CHECKSUMS:
  AFNetworking: 5e0e199f73d8626b11e79750991f5d173d1f8b67
  IQKeyboardManager: 249c3946acf61345c18b038eb50863fe2793e3a8
  MBProgressHUD: 1569cf7ace17a8bac47aabfbb8580a49690386d1
  MJExtension: b8c1321a77d91bcc007b94d38cbf5383c95ea30e
  MJRefresh: fafde8f18f4afd66b434331a9beb67a6c0264056
  SDWebImage: c325cf02c30337336b95beff20a13df489ec0ec9

PODFILE CHECKSUM: 7ee460820af82692af64317139859cef9501147e

COCOAPODS: 1.0.0
